
Microsoft Visual Studio Solution File, Format Version 12.00
# Visual Studio 15
VisualStudioVersion = 15.0.27130.2036
MinimumVisualStudioVersion = 10.0.40219.1
Project("{FAE04EC0-301F-11D3-BF4B-00C04F79EFBC}") = "Archivos de texto y binarios", "Archivos de texto y binarios\Archivos de texto y binarios.csproj", "{6404B4AE-D0CA-4F07-AF32-20E1BA1C9C14}"
EndProject
Global
	GlobalSection(SolutionConfigurationPlatforms) = preSolution
		Debug|Any CPU = Debug|Any CPU
		Release|Any CPU = Release|Any CPU
	EndGlobalSection
	GlobalSection(ProjectConfigurationPlatforms) = postSolution
		{6404B4AE-D0CA-4F07-AF32-20E1BA1C9C14}.Debug|Any CPU.ActiveCfg = Debug|Any CPU
		{6404B4AE-D0CA-4F07-AF32-20E1BA1C9C14}.Debug|Any CPU.Build.0 = Debug|Any CPU
		{6404B4AE-D0CA-4F07-AF32-20E1BA1C9C14}.Release|Any CPU.ActiveCfg = Release|Any CPU
		{6404B4AE-D0CA-4F07-AF32-20E1BA1C9C14}.Release|Any CPU.Build.0 = Release|Any CPU
	EndGlobalSection
	GlobalSection(SolutionProperties) = preSolution
		HideSolutionNode = FALSE
	EndGlobalSection
	GlobalSection(ExtensibilityGlobals) = postSolution
		SolutionGuid = {E927B294-0F46-4301-86AD-DA035E5F6881}
	EndGlobalSection
EndGlobal
